<?xml version="1.0" encoding="utf-8"?>
<Project ToolsVersion="4.0" xmlns="http://schemas.microsoft.com/developer/msbuild/2003">
  <ItemGroup>
    <Filter Include="Source Files">
      <UniqueIdentifier>{4FC737F1-C7A5-4376-A066-2A32D752A2FF}</UniqueIdentifier>
      <Extensions>cpp;c;cc;cxx;def;odl;idl;hpj;bat;asm;asmx</Extensions>
    </Filter>
    <Filter Include="Header Files">
      <UniqueIdentifier>{93995380-89BD-4b04-88EB-625FBE52EBFB}</UniqueIdentifier>
      <Extensions>h;hh;hpp;hxx;hm;inl;inc;xsd</Extensions>
    </Filter>
    <Filter Include="Resource Files">
      <UniqueIdentifier>{67DA6AB6-F800-4c08-8B7A-83BB121AAD01}</UniqueIdentifier>
      <Extensions>rc;ico;cur;bmp;dlg;rc2;rct;bin;rgs;gif;jpg;jpeg;jpe;resx;tiff;tif;png;wav;mfcribbon-ms</Extensions>
    </Filter>
  </ItemGroup>
  <ItemGroup>
    <ClInclude Include="net.h">
      <Filter>Header Files</Filter>
    </ClInclude>
    <ClInclude Include="net.default_server_socket_impl.h">
      <Filter>Header Files</Filter>
    </ClInclude>
    <ClInclude Include="net.default_socket_impl.h">
      <Filter>Header Files</Filter>
    </ClInclude>
    <ClInclude Include="net.net_address.h">
      <Filter>Header Files</Filter>
    </ClInclude>
    <ClInclude Include="net.config.h">
      <Filter>Header Files</Filter>
    </ClInclude>
    <ClInclude Include="net.exceptions.h">
      <Filter>Header Files</Filter>
    </ClInclude>
    <ClInclude Include="net.net4_address.h">
      <Filter>Header Files</Filter>
    </ClInclude>
    <ClInclude Include="net.net6_address.h">
      <Filter>Header Files</Filter>
    </ClInclude>
    <ClInclude Include="net.server_socket.h">
      <Filter>Header Files</Filter>
    </ClInclude>
    <ClInclude Include="net.socket.h">
      <Filter>Header Files</Filter>
    </ClInclude>
    <ClInclude Include="net.socket_address.h">
      <Filter>Header Files</Filter>
    </ClInclude>
    <ClInclude Include="net.socket_impl.h">
      <Filter>Header Files</Filter>
    </ClInclude>
    <ClInclude Include="net.socket_impl_factory.h">
      <Filter>Header Files</Filter>
    </ClInclude>
  </ItemGroup>
  <ItemGroup>
    <ClCompile Include="net.default_server_socket_impl.cpp">
      <Filter>Source Files</Filter>
    </ClCompile>
    <ClCompile Include="net.default_socket_impl.cpp">
      <Filter>Source Files</Filter>
    </ClCompile>
    <ClCompile Include="net.net_address.cpp">
      <Filter>Source Files</Filter>
    </ClCompile>
    <ClCompile Include="net.net4_address.cpp">
      <Filter>Source Files</Filter>
    </ClCompile>
    <ClCompile Include="net.net6_address.cpp">
      <Filter>Source Files</Filter>
    </ClCompile>
    <ClCompile Include="net.server_socket.cpp">
      <Filter>Source Files</Filter>
    </ClCompile>
    <ClCompile Include="net.socket.cpp">
      <Filter>Source Files</Filter>
    </ClCompile>
    <ClCompile Include="net.socket_address.cpp">
      <Filter>Source Files</Filter>
    </ClCompile>
    <ClCompile Include="net.socket_impl.cpp">
      <Filter>Source Files</Filter>
    </ClCompile>
  </ItemGroup>
  <ItemGroup>
    <None Include="net.net_address.inl">
      <Filter>Source Files</Filter>
    </None>
    <None Include="net.net4_address.inl">
      <Filter>Source Files</Filter>
    </None>
    <None Include="net.net6_address.inl">
      <Filter>Source Files</Filter>
    </None>
    <None Include="net.server_socket.inl">
      <Filter>Source Files</Filter>
    </None>
    <None Include="net.socket.inl">
      <Filter>Source Files</Filter>
    </None>
    <None Include="net.socket_address.inl">
      <Filter>Source Files</Filter>
    </None>
    <None Include="net.socket_impl.inl">
      <Filter>Source Files</Filter>
    </None>
  </ItemGroup>
</Project>